
Microsoft Visual Studio Solution File, Format Version 12.00
# Visual Studio Version 17
VisualStudioVersion = 17.4.33213.308
MinimumVisualStudioVersion = 10.0.40219.1
Project("{FAE04EC0-301F-11D3-BF4B-00C04F79EFBC}") = "SecBank", "SecBank\SecBank.csproj", "{1E7A34B4-5DA8-4D43-AB01-2989C6FFC38F}"
EndProject
Project("{FAE04EC0-301F-11D3-BF4B-00C04F79EFBC}") = "SecBankService1", "SecBankService1\SecBankService1.csproj", "{09BF371A-D3D0-4B8E-B526-D092EC7637EC}"
EndProject
Global
	GlobalSection(SolutionConfigurationPlatforms) = preSolution
		Debug|Any CPU = Debug|Any CPU
		Release|Any CPU = Release|Any CPU
	EndGlobalSection
	GlobalSection(ProjectConfigurationPlatforms) = postSolution
		{1E7A34B4-5DA8-4D43-AB01-2989C6FFC38F}.Debug|Any CPU.ActiveCfg = Debug|Any CPU
		{1E7A34B4-5DA8-4D43-AB01-2989C6FFC38F}.Debug|Any CPU.Build.0 = Debug|Any CPU
		{1E7A34B4-5DA8-4D43-AB01-2989C6FFC38F}.Release|Any CPU.ActiveCfg = Release|Any CPU
		{1E7A34B4-5DA8-4D43-AB01-2989C6FFC38F}.Release|Any CPU.Build.0 = Release|Any CPU
		{09BF371A-D3D0-4B8E-B526-D092EC7637EC}.Debug|Any CPU.ActiveCfg = Debug|Any CPU
		{09BF371A-D3D0-4B8E-B526-D092EC7637EC}.Debug|Any CPU.Build.0 = Debug|Any CPU
		{09BF371A-D3D0-4B8E-B526-D092EC7637EC}.Release|Any CPU.ActiveCfg = Release|Any CPU
		{09BF371A-D3D0-4B8E-B526-D092EC7637EC}.Release|Any CPU.Build.0 = Release|Any CPU
	EndGlobalSection
	GlobalSection(SolutionProperties) = preSolution
		HideSolutionNode = FALSE
	EndGlobalSection
	GlobalSection(ExtensibilityGlobals) = postSolution
		SolutionGuid = {C8E575E2-9565-4AA3-AEC0-030265EACA7D}
	EndGlobalSection
EndGlobal
