
Microsoft Visual Studio Solution File, Format Version 12.00
# Visual Studio Version 17
VisualStudioVersion = 17.4.33213.308
MinimumVisualStudioVersion = 10.0.40219.1
Project("{9A19103F-16F7-4668-BE54-9A1E7A4F7556}") = "SecBank.WorkerService", "SecBankService1\SecBank.WorkerService.csproj", "{09BF371A-D3D0-4B8E-B526-D092EC7637EC}"
EndProject
Project("{9A19103F-16F7-4668-BE54-9A1E7A4F7556}") = "SecBank.Abstractions", "Abstraction\SecBank.Abstractions.csproj", "{B5A37888-A2FD-4300-81A5-D39A59A5D68B}"
EndProject
Project("{9A19103F-16F7-4668-BE54-9A1E7A4F7556}") = "SecBank.Entities", "Entities\SecBank.Entities.csproj", "{E4B2CC0E-1EE8-4124-AA1A-ACF0126800F1}"
EndProject
Project("{9A19103F-16F7-4668-BE54-9A1E7A4F7556}") = "SecBank.Services", "SecBank.Services\SecBank.Services.csproj", "{983FCAC4-B56F-4949-8438-065222C50849}"
EndProject
Project("{9A19103F-16F7-4668-BE54-9A1E7A4F7556}") = "SecBank.Core", "SecBank.Core\SecBank.Core.csproj", "{A12976B0-37D8-47A5-A11D-CA73CDB9CC3E}"
EndProject
Project("{9A19103F-16F7-4668-BE54-9A1E7A4F7556}") = "SecBank.Application", "SecBank.Application\SecBank.Application.csproj", "{CDD396A3-D69E-4D88-A823-DAE6F678C49C}"
EndProject
Project("{FAE04EC0-301F-11D3-BF4B-00C04F79EFBC}") = "SecBank.BgService", "SecBank.BackgroundService\SecBank.BgService.csproj", "{6EA5EDC9-94A7-4DC0-8D63-DB6A5EE0DA58}"
EndProject
Global
	GlobalSection(SolutionConfigurationPlatforms) = preSolution
		Debug|Any CPU = Debug|Any CPU
		Release|Any CPU = Release|Any CPU
	EndGlobalSection
	GlobalSection(ProjectConfigurationPlatforms) = postSolution
		{09BF371A-D3D0-4B8E-B526-D092EC7637EC}.Debug|Any CPU.ActiveCfg = Debug|Any CPU
		{09BF371A-D3D0-4B8E-B526-D092EC7637EC}.Debug|Any CPU.Build.0 = Debug|Any CPU
		{09BF371A-D3D0-4B8E-B526-D092EC7637EC}.Release|Any CPU.ActiveCfg = Release|Any CPU
		{09BF371A-D3D0-4B8E-B526-D092EC7637EC}.Release|Any CPU.Build.0 = Release|Any CPU
		{B5A37888-A2FD-4300-81A5-D39A59A5D68B}.Debug|Any CPU.ActiveCfg = Debug|Any CPU
		{B5A37888-A2FD-4300-81A5-D39A59A5D68B}.Debug|Any CPU.Build.0 = Debug|Any CPU
		{B5A37888-A2FD-4300-81A5-D39A59A5D68B}.Release|Any CPU.ActiveCfg = Release|Any CPU
		{B5A37888-A2FD-4300-81A5-D39A59A5D68B}.Release|Any CPU.Build.0 = Release|Any CPU
		{E4B2CC0E-1EE8-4124-AA1A-ACF0126800F1}.Debug|Any CPU.ActiveCfg = Debug|Any CPU
		{E4B2CC0E-1EE8-4124-AA1A-ACF0126800F1}.Debug|Any CPU.Build.0 = Debug|Any CPU
		{E4B2CC0E-1EE8-4124-AA1A-ACF0126800F1}.Release|Any CPU.ActiveCfg = Release|Any CPU
		{E4B2CC0E-1EE8-4124-AA1A-ACF0126800F1}.Release|Any CPU.Build.0 = Release|Any CPU
		{983FCAC4-B56F-4949-8438-065222C50849}.Debug|Any CPU.ActiveCfg = Debug|Any CPU
		{983FCAC4-B56F-4949-8438-065222C50849}.Debug|Any CPU.Build.0 = Debug|Any CPU
		{983FCAC4-B56F-4949-8438-065222C50849}.Release|Any CPU.ActiveCfg = Release|Any CPU
		{983FCAC4-B56F-4949-8438-065222C50849}.Release|Any CPU.Build.0 = Release|Any CPU
		{A12976B0-37D8-47A5-A11D-CA73CDB9CC3E}.Debug|Any CPU.ActiveCfg = Debug|Any CPU
		{A12976B0-37D8-47A5-A11D-CA73CDB9CC3E}.Debug|Any CPU.Build.0 = Debug|Any CPU
		{A12976B0-37D8-47A5-A11D-CA73CDB9CC3E}.Release|Any CPU.ActiveCfg = Release|Any CPU
		{A12976B0-37D8-47A5-A11D-CA73CDB9CC3E}.Release|Any CPU.Build.0 = Release|Any CPU
		{CDD396A3-D69E-4D88-A823-DAE6F678C49C}.Debug|Any CPU.ActiveCfg = Debug|Any CPU
		{CDD396A3-D69E-4D88-A823-DAE6F678C49C}.Debug|Any CPU.Build.0 = Debug|Any CPU
		{CDD396A3-D69E-4D88-A823-DAE6F678C49C}.Release|Any CPU.ActiveCfg = Release|Any CPU
		{CDD396A3-D69E-4D88-A823-DAE6F678C49C}.Release|Any CPU.Build.0 = Release|Any CPU
		{6EA5EDC9-94A7-4DC0-8D63-DB6A5EE0DA58}.Debug|Any CPU.ActiveCfg = Debug|Any CPU
		{6EA5EDC9-94A7-4DC0-8D63-DB6A5EE0DA58}.Debug|Any CPU.Build.0 = Debug|Any CPU
		{6EA5EDC9-94A7-4DC0-8D63-DB6A5EE0DA58}.Release|Any CPU.ActiveCfg = Release|Any CPU
		{6EA5EDC9-94A7-4DC0-8D63-DB6A5EE0DA58}.Release|Any CPU.Build.0 = Release|Any CPU
	EndGlobalSection
	GlobalSection(SolutionProperties) = preSolution
		HideSolutionNode = FALSE
	EndGlobalSection
	GlobalSection(ExtensibilityGlobals) = postSolution
		SolutionGuid = {C8E575E2-9565-4AA3-AEC0-030265EACA7D}
	EndGlobalSection
EndGlobal
